
Microsoft Visual Studio Solution File, Format Version 12.00
# Visual Studio Version 17
VisualStudioVersion = 17.0.32014.148
MinimumVisualStudioVersion = 10.0.40219.1
Project("{9A19103F-16F7-4668-BE54-9A1E7A4F7556}") = "BrewHelper.Web", "BrewHelper.Web\BrewHelper.Web.csproj", "{00EF1C75-1E28-4F1B-9AF7-DE186C0A497B}"
EndProject
Project("{9A19103F-16F7-4668-BE54-9A1E7A4F7556}") = "BrewHelper.Business", "BrewHelper.Business\BrewHelper.Business.csproj", "{A2E880FD-F6BB-4595-A4DB-F5AA17384406}"
EndProject
Project("{9A19103F-16F7-4668-BE54-9A1E7A4F7556}") = "BrewHelper.Authentication", "BrewHelper.Authentication\BrewHelper.Authentication.csproj", "{F2A40FD2-0B2D-4BF7-B022-105D36A07EEA}"
EndProject
Project("{9A19103F-16F7-4668-BE54-9A1E7A4F7556}") = "BrewHelper.Data", "BrewHelper.Data\BrewHelper.Data.csproj", "{32808424-4F56-410A-8491-C2BB1694A66F}"
EndProject
Project("{2150E333-8FDC-42A3-9474-1A3956D46DE8}") = "Solution Items", "Solution Items", "{0227F69E-D7D1-4ED7-B507-414656A371AD}"
	ProjectSection(SolutionItems) = preProject
		docker-compose-dev.yml = docker-compose-dev.yml
	EndProjectSection
EndProject
Global
	GlobalSection(SolutionConfigurationPlatforms) = preSolution
		Debug|Any CPU = Debug|Any CPU
		Release|Any CPU = Release|Any CPU
	EndGlobalSection
	GlobalSection(ProjectConfigurationPlatforms) = postSolution
		{00EF1C75-1E28-4F1B-9AF7-DE186C0A497B}.Debug|Any CPU.ActiveCfg = Debug|Any CPU
		{00EF1C75-1E28-4F1B-9AF7-DE186C0A497B}.Debug|Any CPU.Build.0 = Debug|Any CPU
		{00EF1C75-1E28-4F1B-9AF7-DE186C0A497B}.Release|Any CPU.ActiveCfg = Release|Any CPU
		{00EF1C75-1E28-4F1B-9AF7-DE186C0A497B}.Release|Any CPU.Build.0 = Release|Any CPU
		{A2E880FD-F6BB-4595-A4DB-F5AA17384406}.Debug|Any CPU.ActiveCfg = Debug|Any CPU
		{A2E880FD-F6BB-4595-A4DB-F5AA17384406}.Debug|Any CPU.Build.0 = Debug|Any CPU
		{A2E880FD-F6BB-4595-A4DB-F5AA17384406}.Release|Any CPU.ActiveCfg = Release|Any CPU
		{A2E880FD-F6BB-4595-A4DB-F5AA17384406}.Release|Any CPU.Build.0 = Release|Any CPU
		{F2A40FD2-0B2D-4BF7-B022-105D36A07EEA}.Debug|Any CPU.ActiveCfg = Debug|Any CPU
		{F2A40FD2-0B2D-4BF7-B022-105D36A07EEA}.Debug|Any CPU.Build.0 = Debug|Any CPU
		{F2A40FD2-0B2D-4BF7-B022-105D36A07EEA}.Release|Any CPU.ActiveCfg = Release|Any CPU
		{F2A40FD2-0B2D-4BF7-B022-105D36A07EEA}.Release|Any CPU.Build.0 = Release|Any CPU
		{32808424-4F56-410A-8491-C2BB1694A66F}.Debug|Any CPU.ActiveCfg = Debug|Any CPU
		{32808424-4F56-410A-8491-C2BB1694A66F}.Debug|Any CPU.Build.0 = Debug|Any CPU
		{32808424-4F56-410A-8491-C2BB1694A66F}.Release|Any CPU.ActiveCfg = Release|Any CPU
		{32808424-4F56-410A-8491-C2BB1694A66F}.Release|Any CPU.Build.0 = Release|Any CPU
	EndGlobalSection
	GlobalSection(SolutionProperties) = preSolution
		HideSolutionNode = FALSE
	EndGlobalSection
	GlobalSection(ExtensibilityGlobals) = postSolution
		SolutionGuid = {1A50044C-3FC5-408B-9AD7-F45617AF6C96}
	EndGlobalSection
EndGlobal
